{
  "name": "myide",
  "version": "1.0.0",
  "lockfileVersion": 3,
  "requires": true,
  "packages": {
    "": {
      "name": "myide",
      "version": "1.0.0",
      "license": "ISC",
      "dependencies": {
        "peggy": "^5.0.3",
        "readline-sync": "^1.4.10"
      }
    },
    "node_modules/@peggyjs/from-mem": {
      "version": "2.0.0",
      "resolved": "https://registry.npmjs.org/@peggyjs/from-mem/-/from-mem-2.0.0.tgz",
      "integrity": "sha512-f+pL/s2DiT+2dxwheSoJT0P/KJy/s0klzE+ZqRdXHlkeyFk/DpKtyjLZIiA79kx56g3oEPA8Zu9EzEKzAwuvhw==",
      "license": "MIT",
      "dependencies": {
        "semver": "7.7.1"
      },
      "engines": {
        "node": ">=20"
      }
    },
    "node_modules/commander": {
      "version": "14.0.0",
      "resolved": "https://registry.npmjs.org/commander/-/commander-14.0.0.tgz",
      "integrity": "sha512-2uM9rYjPvyq39NwLRqaiLtWHyDC1FvryJDa2ATTVims5YAS4PupsEQsDvP14FqhFr0P49CYDugi59xaxJlTXRA==",
      "license": "MIT",
      "engines": {
        "node": ">=20"
      }
    },
    "node_modules/peggy": {
      "version": "5.0.3",
      "resolved": "https://registry.npmjs.org/peggy/-/peggy-5.0.3.tgz",
      "integrity": "sha512-QErYmLjj/ehiNNJRqx2qb36hzkanuascpMqREs2RQqaXhU3cflIRScP/u2BoobIfu/FaeI3GGxNB/vFX/Ar9lg==",
      "license": "MIT",
      "dependencies": {
        "@peggyjs/from-mem": "2.0.0",
        "commander": "^14.0.0",
        "source-map-generator": "2.0.0"
      },
      "bin": {
        "peggy": "bin/peggy.js"
      },
      "engines": {
        "node": ">=20"
      }
    },
    "node_modules/readline-sync": {
      "version": "1.4.10",
      "resolved": "https://registry.npmjs.org/readline-sync/-/readline-sync-1.4.10.tgz",
      "integrity": "sha512-gNva8/6UAe8QYepIQH/jQ2qn91Qj0B9sYjMBBs3QOB8F2CXcKgLxQaJRP76sWVRQt+QU+8fAkCbCvjjMFu7Ycw==",
      "license": "MIT",
      "engines": {
        "node": ">= 0.8.0"
      }
    },
    "node_modules/semver": {
      "version": "7.7.1",
      "resolved": "https://registry.npmjs.org/semver/-/semver-7.7.1.tgz",
      "integrity": "sha512-hlq8tAfn0m/61p4BVRcPzIGr6LKiMwo4VM6dGi6pt4qcRkmNzTcWq6eCEjEh+qXjkMDvPlOFFSGwQjoEa6gyMA==",
      "license": "ISC",
      "bin": {
        "semver": "bin/semver.js"
      },
      "engines": {
        "node": ">=10"
      }
    },
    "node_modules/source-map-generator": {
      "version": "2.0.0",
      "resolved": "https://registry.npmjs.org/source-map-generator/-/source-map-generator-2.0.0.tgz",
      "integrity": "sha512-4KomB7QsJti7dFBAVF6SXHzuCNQauk4gE2CummcqPzl+eJqXz1CkkiBdVXXW3g8VGh23bxcdEVACOzrxpIqnUg==",
      "license": "BSD-3-Clause",
      "engines": {
        "node": ">=20"
      }
    }
  }
}
